// !$*UTF8*$!
{
	archiveVersion = 1;
	classes = {
	};
	objectVersion = 46;
	objects = {

/* Begin PBXBuildFile section */
		A36637821F4F57B3001C2695 /* main.m in Sources */ = {isa = PBXBuildFile; fileRef = A36637811F4F57B3001C2695 /* main.m */; };
		A366378A1F4F580F001C2695 /* Question.m in Sources */ = {isa = PBXBuildFile; fileRef = A36637891F4F580F001C2695 /* Question.m */; };
		A366378D1F4F6017001C2695 /* SubtractionQuestion.m in Sources */ = {isa = PBXBuildFile; fileRef = A366378C1F4F6017001C2695 /* SubtractionQuestion.m */; };
		A3A3FC1B1F508D7600B6241E /* AdditionQuestion.m in Sources */ = {isa = PBXBuildFile; fileRef = A3A3FC1A1F508D7600B6241E /* AdditionQuestion.m */; };
		A3A3FC1E1F508DE400B6241E /* InputHandler.m in Sources */ = {isa = PBXBuildFile; fileRef = A3A3FC1D1F508DE400B6241E /* InputHandler.m */; };
		A3A3FC211F508E5200B6241E /* ScoreKeeper.m in Sources */ = {isa = PBXBuildFile; fileRef = A3A3FC201F508E5200B6241E /* ScoreKeeper.m */; };
/* End PBXBuildFile section */

/* Begin PBXCopyFilesBuildPhase section */
		A366377C1F4F57B3001C2695 /* CopyFiles */ = {
			isa = PBXCopyFilesBuildPhase;
			buildActionMask = 2147483647;
			dstPath = /usr/share/man/man1/;
			dstSubfolderSpec = 0;
			files = (
			);
			runOnlyForDeploymentPostprocessing = 1;
		};
/* End PBXCopyFilesBuildPhase section */

/* Begin PBXFileReference section */
		A366377E1F4F57B3001C2695 /* Assignment5 */ = {isa = PBXFileReference; explicitFileType = "compiled.mach-o.executable"; includeInIndex = 0; path = Assignment5; sourceTree = BUILT_PRODUCTS_DIR; };
		A36637811F4F57B3001C2695 /* main.m */ = {isa = PBXFileReference; lastKnownFileType = sourcecode.c.objc; path = main.m; sourceTree = "<group>"; };
		A36637881F4F580F001C2695 /* Question.h */ = {isa = PBXFileReference; fileEncoding = 4; lastKnownFileType = sourcecode.c.h; path = Question.h; sourceTree = "<group>"; };
		A36637891F4F580F001C2695 /* Question.m */ = {isa = PBXFileReference; fileEncoding = 4; lastKnownFileType = sourcecode.c.objc; path = Question.m; sourceTree = "<group>"; };
		A366378B1F4F6017001C2695 /* SubtractionQuestion.h */ = {isa = PBXFileReference; fileEncoding = 4; lastKnownFileType = sourcecode.c.h; path = SubtractionQuestion.h; sourceTree = "<group>"; };
		A366378C1F4F6017001C2695 /* SubtractionQuestion.m */ = {isa = PBXFileReference; fileEncoding = 4; lastKnownFileType = sourcecode.c.objc; path = SubtractionQuestion.m; sourceTree = "<group>"; };
		A3A3FC191F508D7600B6241E /* AdditionQuestion.h */ = {isa = PBXFileReference; fileEncoding = 4; lastKnownFileType = sourcecode.c.h; path = AdditionQuestion.h; sourceTree = "<group>"; };
		A3A3FC1A1F508D7600B6241E /* AdditionQuestion.m */ = {isa = PBXFileReference; fileEncoding = 4; lastKnownFileType = sourcecode.c.objc; path = AdditionQuestion.m; sourceTree = "<group>"; };
		A3A3FC1C1F508DE400B6241E /* InputHandler.h */ = {isa = PBXFileReference; fileEncoding = 4; lastKnownFileType = sourcecode.c.h; path = InputHandler.h; sourceTree = "<group>"; };
		A3A3FC1D1F508DE400B6241E /* InputHandler.m */ = {isa = PBXFileReference; fileEncoding = 4; lastKnownFileType = sourcecode.c.objc; path = InputHandler.m; sourceTree = "<group>"; };
		A3A3FC1F1F508E5200B6241E /* ScoreKeeper.h */ = {isa = PBXFileReference; fileEncoding = 4; lastKnownFileType = sourcecode.c.h; path = ScoreKeeper.h; sourceTree = "<group>"; };
		A3A3FC201F508E5200B6241E /* ScoreKeeper.m */ = {isa = PBXFileReference; fileEncoding = 4; lastKnownFileType = sourcecode.c.objc; path = ScoreKeeper.m; sourceTree = "<group>"; };
/* End PBXFileReference section */

/* Begin PBXFrameworksBuildPhase section */
		A366377B1F4F57B3001C2695 /* Frameworks */ = {
			isa = PBXFrameworksBuildPhase;
			buildActionMask = 2147483647;
			files = (
			);
			runOnlyForDeploymentPostprocessing = 0;
		};
/* End PBXFrameworksBuildPhase section */

/* Begin PBXGroup section */
		A36637751F4F57B3001C2695 = {
			isa = PBXGroup;
			children = (
				A36637801F4F57B3001C2695 /* Assignment5 */,
				A366377F1F4F57B3001C2695 /* Products */,
			);
			sourceTree = "<group>";
		};
		A366377F1F4F57B3001C2695 /* Products */ = {
			isa = PBXGroup;
			children = (
				A366377E1F4F57B3001C2695 /* Assignment5 */,
			);
			name = Products;
			sourceTree = "<group>";
		};
		A36637801F4F57B3001C2695 /* Assignment5 */ = {
			isa = PBXGroup;
			children = (
				A36637811F4F57B3001C2695 /* main.m */,
				A36637881F4F580F001C2695 /* Question.h */,
				A36637891F4F580F001C2695 /* Question.m */,
				A366378B1F4F6017001C2695 /* SubtractionQuestion.h */,
				A366378C1F4F6017001C2695 /* SubtractionQuestion.m */,
				A3A3FC191F508D7600B6241E /* AdditionQuestion.h */,
				A3A3FC1A1F508D7600B6241E /* AdditionQuestion.m */,
				A3A3FC1C1F508DE400B6241E /* InputHandler.h */,
				A3A3FC1D1F508DE400B6241E /* InputHandler.m */,
				A3A3FC1F1F508E5200B6241E /* ScoreKeeper.h */,
				A3A3FC201F508E5200B6241E /* ScoreKeeper.m */,
			);
			path = Assignment5;
			sourceTree = "<group>";
		};
/* End PBXGroup section */

/* Begin PBXNativeTarget section */
		A366377D1F4F57B3001C2695 /* Assignment5 */ = {
			isa = PBXNativeTarget;
			buildConfigurationList = A36637851F4F57B3001C2695 /* Build configuration list for PBXNativeTarget "Assignment5" */;
			buildPhases = (
				A366377A1F4F57B3001C2695 /* Sources */,
				A366377B1F4F57B3001C2695 /* Frameworks */,
				A366377C1F4F57B3001C2695 /* CopyFiles */,
			);
			buildRules = (
			);
			dependencies = (
			);
			name = Assignment5;
			productName = Assignment5;
			productReference = A366377E1F4F57B3001C2695 /* Assignment5 */;
			productType = "com.apple.product-type.tool";
		};
/* End PBXNativeTarget section */

/* Begin PBXProject section */
		A36637761F4F57B3001C2695 /* Project object */ = {
			isa = PBXProject;
			attributes = {
				LastUpgradeCheck = 0830;
				ORGANIZATIONNAME = Julia;
				TargetAttributes = {
					A366377D1F4F57B3001C2695 = {
						CreatedOnToolsVersion = 8.3.3;
						ProvisioningStyle = Automatic;
					};
				};
			};
			buildConfigurationList = A36637791F4F57B3001C2695 /* Build configuration list for PBXProject "Assignment5" */;
			compatibilityVersion = "Xcode 3.2";
			developmentRegion = English;
			hasScannedForEncodings = 0;
			knownRegions = (
				en,
			);
			mainGroup = A36637751F4F57B3001C2695;
			productRefGroup = A366377F1F4F57B3001C2695 /* Products */;
			projectDirPath = "";
			projectRoot = "";
			targets = (
				A366377D1F4F57B3001C2695 /* Assignment5 */,
			);
		};
/* End PBXProject section */

/* Begin PBXSourcesBuildPhase section */
		A366377A1F4F57B3001C2695 /* Sources */ = {
			isa = PBXSourcesBuildPhase;
			buildActionMask = 2147483647;
			files = (
				A3A3FC211F508E5200B6241E /* ScoreKeeper.m in Sources */,
				A36637821F4F57B3001C2695 /* main.m in Sources */,
				A3A3FC1B1F508D7600B6241E /* AdditionQuestion.m in Sources */,
				A366378D1F4F6017001C2695 /* SubtractionQuestion.m in Sources */,
				A366378A1F4F580F001C2695 /* Question.m in Sources */,
				A3A3FC1E1F508DE400B6241E /* InputHandler.m in Sources */,
			);
			runOnlyForDeploymentPostprocessing = 0;
		};
/* End PBXSourcesBuildPhase section */

/* Begin XCBuildConfiguration section */
		A36637831F4F57B3001C2695 /* Debug */ = {
			isa = XCBuildConfiguration;
			buildSettings = {
				ALWAYS_SEARCH_USER_PATHS = NO;
				CLANG_ANALYZER_NONNULL = YES;
				CLANG_ANALYZER_NUMBER_OBJECT_CONVERSION = YES_AGGRESSIVE;
				CLANG_CXX_LANGUAGE_STANDARD = "gnu++0x";
				CLANG_CXX_LIBRARY = "libc++";
				CLANG_ENABLE_MODULES = YES;
				CLANG_ENABLE_OBJC_ARC = YES;
				CLANG_WARN_BOOL_CONVERSION = YES;
				CLANG_WARN_CONSTANT_CONVERSION = YES;
				CLANG_WARN_DIRECT_OBJC_ISA_USAGE = YES_ERROR;
				CLANG_WARN_DOCUMENTATION_COMMENTS = YES;
				CLANG_WARN_EMPTY_BODY = YES;
				CLANG_WARN_ENUM_CONVERSION = YES;
				CLANG_WARN_INFINITE_RECURSION = YES;
				CLANG_WARN_INT_CONVERSION = YES;
				CLANG_WARN_OBJC_ROOT_CLASS = YES_ERROR;
				CLANG_WARN_SUSPICIOUS_MOVE = YES;
				CLANG_WARN_UNREACHABLE_CODE = YES;
				CLANG_WARN__DUPLICATE_METHOD_MATCH = YES;
				CODE_SIGN_IDENTITY = "-";
				COPY_PHASE_STRIP = NO;
				DEBUG_INFORMATION_FORMAT = dwarf;
				ENABLE_STRICT_OBJC_MSGSEND = YES;
				ENABLE_TESTABILITY = YES;
				GCC_C_LANGUAGE_STANDARD = gnu99;
				GCC_DYNAMIC_NO_PIC = NO;
				GCC_NO_COMMON_BLOCKS = YES;
				GCC_OPTIMIZATION_LEVEL = 0;
				GCC_PREPROCESSOR_DEFINITIONS = (
					"DEBUG=1",
					"$(inherited)",
				);
				GCC_WARN_64_TO_32_BIT_CONVERSION = YES;
				GCC_WARN_ABOUT_RETURN_TYPE = YES_ERROR;
				GCC_WARN_UNDECLARED_SELECTOR = YES;
				GCC_WARN_UNINITIALIZED_AUTOS = YES_AGGRESSIVE;
				GCC_WARN_UNUSED_FUNCTION = YES;
				GCC_WARN_UNUSED_VARIABLE = YES;
				MACOSX_DEPLOYMENT_TARGET = 10.12;
				MTL_ENABLE_DEBUG_INFO = YES;
				ONLY_ACTIVE_ARCH = YES;
				SDKROOT = macosx;
			};
			name = Debug;
		};
		A36637841F4F57B3001C2695 /* Release */ = {
			isa = XCBuildConfiguration;
			buildSettings = {
				ALWAYS_SEARCH_USER_PATHS = NO;
				CLANG_ANALYZER_NONNULL = YES;
				CLANG_ANALYZER_NUMBER_OBJECT_CONVERSION = YES_AGGRESSIVE;
				CLANG_CXX_LANGUAGE_STANDARD = "gnu++0x";
				CLANG_CXX_LIBRARY = "libc++";
				CLANG_ENABLE_MODULES = YES;
				CLANG_ENABLE_OBJC_ARC = YES;
				CLANG_WARN_BOOL_CONVERSION = YES;
				CLANG_WARN_CONSTANT_CONVERSION = YES;
				CLANG_WARN_DIRECT_OBJC_ISA_USAGE = YES_ERROR;
				CLANG_WARN_DOCUMENTATION_COMMENTS = YES;
				CLANG_WARN_EMPTY_BODY = YES;
				CLANG_WARN_ENUM_CONVERSION = YES;
				CLANG_WARN_INFINITE_RECURSION = YES;
				CLANG_WARN_INT_CONVERSION = YES;
				CLANG_WARN_OBJC_ROOT_CLASS = YES_ERROR;
				CLANG_WARN_SUSPICIOUS_MOVE = YES;
				CLANG_WARN_UNREACHABLE_CODE = YES;
				CLANG_WARN__DUPLICATE_METHOD_MATCH = YES;
				CODE_SIGN_IDENTITY = "-";
				COPY_PHASE_STRIP = NO;
				DEBUG_INFORMATION_FORMAT = "dwarf-with-dsym";
				ENABLE_NS_ASSERTIONS = NO;
				ENABLE_STRICT_OBJC_MSGSEND = YES;
				GCC_C_LANGUAGE_STANDARD = gnu99;
				GCC_NO_COMMON_BLOCKS = YES;
				GCC_WARN_64_TO_32_BIT_CONVERSION = YES;
				GCC_WARN_ABOUT_RETURN_TYPE = YES_ERROR;
				GCC_WARN_UNDECLARED_SELECTOR = YES;
				GCC_WARN_UNINITIALIZED_AUTOS = YES_AGGRESSIVE;
				GCC_WARN_UNUSED_FUNCTION = YES;
				GCC_WARN_UNUSED_VARIABLE = YES;
				MACOSX_DEPLOYMENT_TARGET = 10.12;
				MTL_ENABLE_DEBUG_INFO = NO;
				SDKROOT = macosx;
			};
			name = Release;
		};
		A36637861F4F57B3001C2695 /* Debug */ = {
			isa = XCBuildConfiguration;
			buildSettings = {
				PRODUCT_NAME = "$(TARGET_NAME)";
			};
			name = Debug;
		};
		A36637871F4F57B3001C2695 /* Release */ = {
			isa = XCBuildConfiguration;
			buildSettings = {
				PRODUCT_NAME = "$(TARGET_NAME)";
			};
			name = Release;
		};
/* End XCBuildConfiguration section */

/* Begin XCConfigurationList section */
		A36637791F4F57B3001C2695 /* Build configuration list for PBXProject "Assignment5" */ = {
			isa = XCConfigurationList;
			buildConfigurations = (
				A36637831F4F57B3001C2695 /* Debug */,
				A36637841F4F57B3001C2695 /* Release */,
			);
			defaultConfigurationIsVisible = 0;
			defaultConfigurationName = Release;
		};
		A36637851F4F57B3001C2695 /* Build configuration list for PBXNativeTarget "Assignment5" */ = {
			isa = XCConfigurationList;
			buildConfigurations = (
				A36637861F4F57B3001C2695 /* Debug */,
				A36637871F4F57B3001C2695 /* Release */,
			);
			defaultConfigurationIsVisible = 0;
			defaultConfigurationName = Release;
		};
/* End XCConfigurationList section */
	};
	rootObject = A36637761F4F57B3001C2695 /* Project object */;
}
