// !$*UTF8*$!
{
	archiveVersion = 1;
	classes = {
	};
	objectVersion = 46;
	objects = {

/* Begin PBXBuildFile section */
		A324E2D41F59BB18008C0423 /* AdditionQuestion.m in Sources */ = {isa = PBXBuildFile; fileRef = A324E2C61F59BB18008C0423 /* AdditionQuestion.m */; };
		A324E2D51F59BB18008C0423 /* InputHandler.m in Sources */ = {isa = PBXBuildFile; fileRef = A324E2C81F59BB18008C0423 /* InputHandler.m */; };
		A324E2D61F59BB18008C0423 /* main.m in Sources */ = {isa = PBXBuildFile; fileRef = A324E2C91F59BB18008C0423 /* main.m */; };
		A324E2D71F59BB18008C0423 /* Question.m in Sources */ = {isa = PBXBuildFile; fileRef = A324E2CB1F59BB18008C0423 /* Question.m */; };
		A324E2D81F59BB18008C0423 /* QuestionFactory.m in Sources */ = {isa = PBXBuildFile; fileRef = A324E2CD1F59BB18008C0423 /* QuestionFactory.m */; };
		A324E2D91F59BB18008C0423 /* QuestionManager.m in Sources */ = {isa = PBXBuildFile; fileRef = A324E2CF1F59BB18008C0423 /* QuestionManager.m */; };
		A324E2DA1F59BB18008C0423 /* ScoreKeeper.m in Sources */ = {isa = PBXBuildFile; fileRef = A324E2D11F59BB18008C0423 /* ScoreKeeper.m */; };
		A324E2DB1F59BB18008C0423 /* SubtractionQuestion.m in Sources */ = {isa = PBXBuildFile; fileRef = A324E2D31F59BB18008C0423 /* SubtractionQuestion.m */; };
/* End PBXBuildFile section */

/* Begin PBXCopyFilesBuildPhase section */
		A366377C1F4F57B3001C2695 /* CopyFiles */ = {
			isa = PBXCopyFilesBuildPhase;
			buildActionMask = 2147483647;
			dstPath = /usr/share/man/man1/;
			dstSubfolderSpec = 0;
			files = (
			);
			runOnlyForDeploymentPostprocessing = 1;
		};
/* End PBXCopyFilesBuildPhase section */

/* Begin PBXFileReference section */
		A324E2C51F59BB18008C0423 /* AdditionQuestion.h */ = {isa = PBXFileReference; fileEncoding = 4; lastKnownFileType = sourcecode.c.h; name = AdditionQuestion.h; path = Math/AdditionQuestion.h; sourceTree = SOURCE_ROOT; };
		A324E2C61F59BB18008C0423 /* AdditionQuestion.m */ = {isa = PBXFileReference; fileEncoding = 4; lastKnownFileType = sourcecode.c.objc; name = AdditionQuestion.m; path = Math/AdditionQuestion.m; sourceTree = SOURCE_ROOT; };
		A324E2C71F59BB18008C0423 /* InputHandler.h */ = {isa = PBXFileReference; fileEncoding = 4; lastKnownFileType = sourcecode.c.h; name = InputHandler.h; path = Math/InputHandler.h; sourceTree = SOURCE_ROOT; };
		A324E2C81F59BB18008C0423 /* InputHandler.m */ = {isa = PBXFileReference; fileEncoding = 4; lastKnownFileType = sourcecode.c.objc; name = InputHandler.m; path = Math/InputHandler.m; sourceTree = SOURCE_ROOT; };
		A324E2C91F59BB18008C0423 /* main.m */ = {isa = PBXFileReference; fileEncoding = 4; lastKnownFileType = sourcecode.c.objc; name = main.m; path = Math/main.m; sourceTree = SOURCE_ROOT; };
		A324E2CA1F59BB18008C0423 /* Question.h */ = {isa = PBXFileReference; fileEncoding = 4; lastKnownFileType = sourcecode.c.h; name = Question.h; path = Math/Question.h; sourceTree = SOURCE_ROOT; };
		A324E2CB1F59BB18008C0423 /* Question.m */ = {isa = PBXFileReference; fileEncoding = 4; lastKnownFileType = sourcecode.c.objc; name = Question.m; path = Math/Question.m; sourceTree = SOURCE_ROOT; };
		A324E2CC1F59BB18008C0423 /* QuestionFactory.h */ = {isa = PBXFileReference; fileEncoding = 4; lastKnownFileType = sourcecode.c.h; name = QuestionFactory.h; path = Math/QuestionFactory.h; sourceTree = SOURCE_ROOT; };
		A324E2CD1F59BB18008C0423 /* QuestionFactory.m */ = {isa = PBXFileReference; fileEncoding = 4; lastKnownFileType = sourcecode.c.objc; name = QuestionFactory.m; path = Math/QuestionFactory.m; sourceTree = SOURCE_ROOT; };
		A324E2CE1F59BB18008C0423 /* QuestionManager.h */ = {isa = PBXFileReference; fileEncoding = 4; lastKnownFileType = sourcecode.c.h; name = QuestionManager.h; path = Math/QuestionManager.h; sourceTree = SOURCE_ROOT; };
		A324E2CF1F59BB18008C0423 /* QuestionManager.m */ = {isa = PBXFileReference; fileEncoding = 4; lastKnownFileType = sourcecode.c.objc; name = QuestionManager.m; path = Math/QuestionManager.m; sourceTree = SOURCE_ROOT; };
		A324E2D01F59BB18008C0423 /* ScoreKeeper.h */ = {isa = PBXFileReference; fileEncoding = 4; lastKnownFileType = sourcecode.c.h; name = ScoreKeeper.h; path = Math/ScoreKeeper.h; sourceTree = SOURCE_ROOT; };
		A324E2D11F59BB18008C0423 /* ScoreKeeper.m */ = {isa = PBXFileReference; fileEncoding = 4; lastKnownFileType = sourcecode.c.objc; name = ScoreKeeper.m; path = Math/ScoreKeeper.m; sourceTree = SOURCE_ROOT; };
		A324E2D21F59BB18008C0423 /* SubtractionQuestion.h */ = {isa = PBXFileReference; fileEncoding = 4; lastKnownFileType = sourcecode.c.h; name = SubtractionQuestion.h; path = Math/SubtractionQuestion.h; sourceTree = SOURCE_ROOT; };
		A324E2D31F59BB18008C0423 /* SubtractionQuestion.m */ = {isa = PBXFileReference; fileEncoding = 4; lastKnownFileType = sourcecode.c.objc; name = SubtractionQuestion.m; path = Math/SubtractionQuestion.m; sourceTree = SOURCE_ROOT; };
		A3490E251F59BD22000477F2 /* Math */ = {isa = PBXFileReference; explicitFileType = "compiled.mach-o.executable"; includeInIndex = 0; path = Math; sourceTree = BUILT_PRODUCTS_DIR; };
/* End PBXFileReference section */

/* Begin PBXFrameworksBuildPhase section */
		A366377B1F4F57B3001C2695 /* Frameworks */ = {
			isa = PBXFrameworksBuildPhase;
			buildActionMask = 2147483647;
			files = (
			);
			runOnlyForDeploymentPostprocessing = 0;
		};
/* End PBXFrameworksBuildPhase section */

/* Begin PBXGroup section */
		A36637751F4F57B3001C2695 = {
			isa = PBXGroup;
			children = (
				A36637801F4F57B3001C2695 /* Math */,
				A3490E251F59BD22000477F2 /* Math */,
			);
			sourceTree = "<group>";
		};
		A36637801F4F57B3001C2695 /* Math */ = {
			isa = PBXGroup;
			children = (
				A324E2C51F59BB18008C0423 /* AdditionQuestion.h */,
				A324E2C61F59BB18008C0423 /* AdditionQuestion.m */,
				A324E2C71F59BB18008C0423 /* InputHandler.h */,
				A324E2C81F59BB18008C0423 /* InputHandler.m */,
				A324E2C91F59BB18008C0423 /* main.m */,
				A324E2CA1F59BB18008C0423 /* Question.h */,
				A324E2CB1F59BB18008C0423 /* Question.m */,
				A324E2CC1F59BB18008C0423 /* QuestionFactory.h */,
				A324E2CD1F59BB18008C0423 /* QuestionFactory.m */,
				A324E2CE1F59BB18008C0423 /* QuestionManager.h */,
				A324E2CF1F59BB18008C0423 /* QuestionManager.m */,
				A324E2D01F59BB18008C0423 /* ScoreKeeper.h */,
				A324E2D11F59BB18008C0423 /* ScoreKeeper.m */,
				A324E2D21F59BB18008C0423 /* SubtractionQuestion.h */,
				A324E2D31F59BB18008C0423 /* SubtractionQuestion.m */,
			);
			name = Math;
			path = Assignment5;
			sourceTree = "<group>";
		};
/* End PBXGroup section */

/* Begin PBXNativeTarget section */
		A366377D1F4F57B3001C2695 /* Math */ = {
			isa = PBXNativeTarget;
			buildConfigurationList = A36637851F4F57B3001C2695 /* Build configuration list for PBXNativeTarget "Math" */;
			buildPhases = (
				A366377A1F4F57B3001C2695 /* Sources */,
				A366377B1F4F57B3001C2695 /* Frameworks */,
				A366377C1F4F57B3001C2695 /* CopyFiles */,
			);
			buildRules = (
			);
			dependencies = (
			);
			name = Math;
			productName = Assignment5;
			productReference = A3490E251F59BD22000477F2 /* Math */;
			productType = "com.apple.product-type.tool";
		};
/* End PBXNativeTarget section */

/* Begin PBXProject section */
		A36637761F4F57B3001C2695 /* Project object */ = {
			isa = PBXProject;
			attributes = {
				LastUpgradeCheck = 0830;
				ORGANIZATIONNAME = Julia;
				TargetAttributes = {
					A366377D1F4F57B3001C2695 = {
						CreatedOnToolsVersion = 8.3.3;
						ProvisioningStyle = Automatic;
					};
				};
			};
			buildConfigurationList = A36637791F4F57B3001C2695 /* Build configuration list for PBXProject "Math" */;
			compatibilityVersion = "Xcode 3.2";
			developmentRegion = English;
			hasScannedForEncodings = 0;
			knownRegions = (
				en,
			);
			mainGroup = A36637751F4F57B3001C2695;
			productRefGroup = A36637751F4F57B3001C2695;
			projectDirPath = "";
			projectRoot = "";
			targets = (
				A366377D1F4F57B3001C2695 /* Math */,
			);
		};
/* End PBXProject section */

/* Begin PBXSourcesBuildPhase section */
		A366377A1F4F57B3001C2695 /* Sources */ = {
			isa = PBXSourcesBuildPhase;
			buildActionMask = 2147483647;
			files = (
				A324E2DA1F59BB18008C0423 /* ScoreKeeper.m in Sources */,
				A324E2D41F59BB18008C0423 /* AdditionQuestion.m in Sources */,
				A324E2DB1F59BB18008C0423 /* SubtractionQuestion.m in Sources */,
				A324E2D81F59BB18008C0423 /* QuestionFactory.m in Sources */,
				A324E2D91F59BB18008C0423 /* QuestionManager.m in Sources */,
				A324E2D71F59BB18008C0423 /* Question.m in Sources */,
				A324E2D61F59BB18008C0423 /* main.m in Sources */,
				A324E2D51F59BB18008C0423 /* InputHandler.m in Sources */,
			);
			runOnlyForDeploymentPostprocessing = 0;
		};
/* End PBXSourcesBuildPhase section */

/* Begin XCBuildConfiguration section */
		A36637831F4F57B3001C2695 /* Debug */ = {
			isa = XCBuildConfiguration;
			buildSettings = {
				ALWAYS_SEARCH_USER_PATHS = NO;
				CLANG_ANALYZER_NONNULL = YES;
				CLANG_ANALYZER_NUMBER_OBJECT_CONVERSION = YES_AGGRESSIVE;
				CLANG_CXX_LANGUAGE_STANDARD = "gnu++0x";
				CLANG_CXX_LIBRARY = "libc++";
				CLANG_ENABLE_MODULES = YES;
				CLANG_ENABLE_OBJC_ARC = YES;
				CLANG_WARN_BOOL_CONVERSION = YES;
				CLANG_WARN_CONSTANT_CONVERSION = YES;
				CLANG_WARN_DIRECT_OBJC_ISA_USAGE = YES_ERROR;
				CLANG_WARN_DOCUMENTATION_COMMENTS = YES;
				CLANG_WARN_EMPTY_BODY = YES;
				CLANG_WARN_ENUM_CONVERSION = YES;
				CLANG_WARN_INFINITE_RECURSION = YES;
				CLANG_WARN_INT_CONVERSION = YES;
				CLANG_WARN_OBJC_ROOT_CLASS = YES_ERROR;
				CLANG_WARN_SUSPICIOUS_MOVE = YES;
				CLANG_WARN_UNREACHABLE_CODE = YES;
				CLANG_WARN__DUPLICATE_METHOD_MATCH = YES;
				CODE_SIGN_IDENTITY = "-";
				COPY_PHASE_STRIP = NO;
				DEBUG_INFORMATION_FORMAT = dwarf;
				ENABLE_STRICT_OBJC_MSGSEND = YES;
				ENABLE_TESTABILITY = YES;
				GCC_C_LANGUAGE_STANDARD = gnu99;
				GCC_DYNAMIC_NO_PIC = NO;
				GCC_NO_COMMON_BLOCKS = YES;
				GCC_OPTIMIZATION_LEVEL = 0;
				GCC_PREPROCESSOR_DEFINITIONS = (
					"DEBUG=1",
					"$(inherited)",
				);
				GCC_WARN_64_TO_32_BIT_CONVERSION = YES;
				GCC_WARN_ABOUT_RETURN_TYPE = YES_ERROR;
				GCC_WARN_UNDECLARED_SELECTOR = YES;
				GCC_WARN_UNINITIALIZED_AUTOS = YES_AGGRESSIVE;
				GCC_WARN_UNUSED_FUNCTION = YES;
				GCC_WARN_UNUSED_VARIABLE = YES;
				MACOSX_DEPLOYMENT_TARGET = 10.12;
				MTL_ENABLE_DEBUG_INFO = YES;
				ONLY_ACTIVE_ARCH = YES;
				SDKROOT = macosx;
			};
			name = Debug;
		};
		A36637841F4F57B3001C2695 /* Release */ = {
			isa = XCBuildConfiguration;
			buildSettings = {
				ALWAYS_SEARCH_USER_PATHS = NO;
				CLANG_ANALYZER_NONNULL = YES;
				CLANG_ANALYZER_NUMBER_OBJECT_CONVERSION = YES_AGGRESSIVE;
				CLANG_CXX_LANGUAGE_STANDARD = "gnu++0x";
				CLANG_CXX_LIBRARY = "libc++";
				CLANG_ENABLE_MODULES = YES;
				CLANG_ENABLE_OBJC_ARC = YES;
				CLANG_WARN_BOOL_CONVERSION = YES;
				CLANG_WARN_CONSTANT_CONVERSION = YES;
				CLANG_WARN_DIRECT_OBJC_ISA_USAGE = YES_ERROR;
				CLANG_WARN_DOCUMENTATION_COMMENTS = YES;
				CLANG_WARN_EMPTY_BODY = YES;
				CLANG_WARN_ENUM_CONVERSION = YES;
				CLANG_WARN_INFINITE_RECURSION = YES;
				CLANG_WARN_INT_CONVERSION = YES;
				CLANG_WARN_OBJC_ROOT_CLASS = YES_ERROR;
				CLANG_WARN_SUSPICIOUS_MOVE = YES;
				CLANG_WARN_UNREACHABLE_CODE = YES;
				CLANG_WARN__DUPLICATE_METHOD_MATCH = YES;
				CODE_SIGN_IDENTITY = "-";
				COPY_PHASE_STRIP = NO;
				DEBUG_INFORMATION_FORMAT = "dwarf-with-dsym";
				ENABLE_NS_ASSERTIONS = NO;
				ENABLE_STRICT_OBJC_MSGSEND = YES;
				GCC_C_LANGUAGE_STANDARD = gnu99;
				GCC_NO_COMMON_BLOCKS = YES;
				GCC_WARN_64_TO_32_BIT_CONVERSION = YES;
				GCC_WARN_ABOUT_RETURN_TYPE = YES_ERROR;
				GCC_WARN_UNDECLARED_SELECTOR = YES;
				GCC_WARN_UNINITIALIZED_AUTOS = YES_AGGRESSIVE;
				GCC_WARN_UNUSED_FUNCTION = YES;
				GCC_WARN_UNUSED_VARIABLE = YES;
				MACOSX_DEPLOYMENT_TARGET = 10.12;
				MTL_ENABLE_DEBUG_INFO = NO;
				SDKROOT = macosx;
			};
			name = Release;
		};
		A36637861F4F57B3001C2695 /* Debug */ = {
			isa = XCBuildConfiguration;
			buildSettings = {
				PRODUCT_NAME = "$(TARGET_NAME)";
			};
			name = Debug;
		};
		A36637871F4F57B3001C2695 /* Release */ = {
			isa = XCBuildConfiguration;
			buildSettings = {
				PRODUCT_NAME = "$(TARGET_NAME)";
			};
			name = Release;
		};
/* End XCBuildConfiguration section */

/* Begin XCConfigurationList section */
		A36637791F4F57B3001C2695 /* Build configuration list for PBXProject "Math" */ = {
			isa = XCConfigurationList;
			buildConfigurations = (
				A36637831F4F57B3001C2695 /* Debug */,
				A36637841F4F57B3001C2695 /* Release */,
			);
			defaultConfigurationIsVisible = 0;
			defaultConfigurationName = Release;
		};
		A36637851F4F57B3001C2695 /* Build configuration list for PBXNativeTarget "Math" */ = {
			isa = XCConfigurationList;
			buildConfigurations = (
				A36637861F4F57B3001C2695 /* Debug */,
				A36637871F4F57B3001C2695 /* Release */,
			);
			defaultConfigurationIsVisible = 0;
			defaultConfigurationName = Release;
		};
/* End XCConfigurationList section */
	};
	rootObject = A36637761F4F57B3001C2695 /* Project object */;
}
